
Microsoft Visual Studio Solution File, Format Version 12.00
# Visual Studio Version 17
VisualStudioVersion = 17.4.33213.308
MinimumVisualStudioVersion = 10.0.40219.1
Project("{9A19103F-16F7-4668-BE54-9A1E7A4F7556}") = "TrafficLighters", "TrafficLighters.csproj", "{68A6326E-9E0C-4AE5-AB13-7F83449AA197}"
EndProject
Global
	GlobalSection(SolutionConfigurationPlatforms) = preSolution
		Debug|Any CPU = Debug|Any CPU
		Release|Any CPU = Release|Any CPU
	EndGlobalSection
	GlobalSection(ProjectConfigurationPlatforms) = postSolution
		{68A6326E-9E0C-4AE5-AB13-7F83449AA197}.Debug|Any CPU.ActiveCfg = Debug|Any CPU
		{68A6326E-9E0C-4AE5-AB13-7F83449AA197}.Debug|Any CPU.Build.0 = Debug|Any CPU
		{68A6326E-9E0C-4AE5-AB13-7F83449AA197}.Release|Any CPU.ActiveCfg = Release|Any CPU
		{68A6326E-9E0C-4AE5-AB13-7F83449AA197}.Release|Any CPU.Build.0 = Release|Any CPU
	EndGlobalSection
	GlobalSection(SolutionProperties) = preSolution
		HideSolutionNode = FALSE
	EndGlobalSection
	GlobalSection(ExtensibilityGlobals) = postSolution
		SolutionGuid = {35744BA5-88E6-4DF7-BF39-B1C5602C93A0}
	EndGlobalSection
EndGlobal
